
Microsoft Visual Studio Solution File, Format Version 12.00
# Visual Studio Version 16
VisualStudioVersion = 16.0.30611.23
MinimumVisualStudioVersion = 10.0.40219.1
Project("{FAE04EC0-301F-11D3-BF4B-00C04F79EFBC}") = "VeriTabani", "VeriTabani.csproj", "{A996683A-A1A8-4C8D-B41A-51D301DC6B7F}"
EndProject
Global
	GlobalSection(SolutionConfigurationPlatforms) = preSolution
		Debug|Any CPU = Debug|Any CPU
		Release|Any CPU = Release|Any CPU
	EndGlobalSection
	GlobalSection(ProjectConfigurationPlatforms) = postSolution
		{A996683A-A1A8-4C8D-B41A-51D301DC6B7F}.Debug|Any CPU.ActiveCfg = Debug|Any CPU
		{A996683A-A1A8-4C8D-B41A-51D301DC6B7F}.Debug|Any CPU.Build.0 = Debug|Any CPU
		{A996683A-A1A8-4C8D-B41A-51D301DC6B7F}.Release|Any CPU.ActiveCfg = Release|Any CPU
		{A996683A-A1A8-4C8D-B41A-51D301DC6B7F}.Release|Any CPU.Build.0 = Release|Any CPU
	EndGlobalSection
	GlobalSection(SolutionProperties) = preSolution
		HideSolutionNode = FALSE
	EndGlobalSection
	GlobalSection(ExtensibilityGlobals) = postSolution
		SolutionGuid = {5E73D716-CA26-4900-B53F-6136432B8B09}
	EndGlobalSection
EndGlobal
